
Microsoft Visual Studio Solution File, Format Version 12.00
# Visual Studio 15
VisualStudioVersion = 15.0.28307.572
MinimumVisualStudioVersion = 10.0.40219.1
Project("{FAE04EC0-301F-11D3-BF4B-00C04F79EFBC}") = "RazorPagesMovie", "RazorPagesMovie\RazorPagesMovie.csproj", "{CE185188-76E6-4ED6-88E7-9A8A983E961D}"
EndProject
Global
	GlobalSection(SolutionConfigurationPlatforms) = preSolution
		Debug|Any CPU = Debug|Any CPU
		Release|Any CPU = Release|Any CPU
	EndGlobalSection
	GlobalSection(ProjectConfigurationPlatforms) = postSolution
		{CE185188-76E6-4ED6-88E7-9A8A983E961D}.Debug|Any CPU.ActiveCfg = Debug|Any CPU
		{CE185188-76E6-4ED6-88E7-9A8A983E961D}.Debug|Any CPU.Build.0 = Debug|Any CPU
		{CE185188-76E6-4ED6-88E7-9A8A983E961D}.Release|Any CPU.ActiveCfg = Release|Any CPU
		{CE185188-76E6-4ED6-88E7-9A8A983E961D}.Release|Any CPU.Build.0 = Release|Any CPU
	EndGlobalSection
	GlobalSection(SolutionProperties) = preSolution
		HideSolutionNode = FALSE
	EndGlobalSection
	GlobalSection(ExtensibilityGlobals) = postSolution
		SolutionGuid = {262C5786-2094-4E36-8380-CB4C7374FAAD}
	EndGlobalSection
EndGlobal
